// !$*UTF8*$!
{
	archiveVersion = 1;
	classes = {
	};
	objectVersion = 46;
	objects = {

/* Begin PBXBuildFile section */
		7FC05B72E421CE5B91051798 /* libPods-MyApp.a in Frameworks */ = {isa = PBXBuildFile; fileRef = 9E1D37BC251F7561E6AFFB1D /* libPods-MyApp.a */; };
		C1001BC71CC8CCC7000FBB57 /* APageView.xib in Resources */ = {isa = PBXBuildFile; fileRef = C1001BB71CC8CCC7000FBB57 /* APageView.xib */; };
		C1001BC81CC8CCC7000FBB57 /* APageViewController.m in Sources */ = {isa = PBXBuildFile; fileRef = C1001BB91CC8CCC7000FBB57 /* APageViewController.m */; };
		C1001BC91CC8CCC7000FBB57 /* BPageView.xib in Resources */ = {isa = PBXBuildFile; fileRef = C1001BBB1CC8CCC7000FBB57 /* BPageView.xib */; };
		C1001BCA1CC8CCC7000FBB57 /* BPageViewController.m in Sources */ = {isa = PBXBuildFile; fileRef = C1001BBD1CC8CCC7000FBB57 /* BPageViewController.m */; };
		C1001BCB1CC8CCC7000FBB57 /* CPageCell.m in Sources */ = {isa = PBXBuildFile; fileRef = C1001BC01CC8CCC7000FBB57 /* CPageCell.m */; };
		C1001BCC1CC8CCC7000FBB57 /* CPageCell.xib in Resources */ = {isa = PBXBuildFile; fileRef = C1001BC11CC8CCC7000FBB57 /* CPageCell.xib */; };
		C1001BCD1CC8CCC7000FBB57 /* CPageDataSource.m in Sources */ = {isa = PBXBuildFile; fileRef = C1001BC31CC8CCC7000FBB57 /* CPageDataSource.m */; };
		C1001BCE1CC8CCC7000FBB57 /* CPageView.xib in Resources */ = {isa = PBXBuildFile; fileRef = C1001BC41CC8CCC7000FBB57 /* CPageView.xib */; };
		C1001BCF1CC8CCC7000FBB57 /* CPageViewController.m in Sources */ = {isa = PBXBuildFile; fileRef = C1001BC61CC8CCC7000FBB57 /* CPageViewController.m */; };
		C10D7A621CB4B2DB00FB0A49 /* main.m in Sources */ = {isa = PBXBuildFile; fileRef = C10D7A611CB4B2DB00FB0A49 /* main.m */; };
		C10D7A651CB4B2DB00FB0A49 /* AppDelegate.m in Sources */ = {isa = PBXBuildFile; fileRef = C10D7A641CB4B2DB00FB0A49 /* AppDelegate.m */; };
		C10D7A6D1CB4B2DB00FB0A49 /* Assets.xcassets in Resources */ = {isa = PBXBuildFile; fileRef = C10D7A6C1CB4B2DB00FB0A49 /* Assets.xcassets */; };
		F1371B0C1DBB69AC0011C5B1 /* Cinema.m in Sources */ = {isa = PBXBuildFile; fileRef = F1371B0B1DBB69AC0011C5B1 /* Cinema.m */; };
		F1371B1B1DBB6F890011C5B1 /* NewCinema.m in Sources */ = {isa = PBXBuildFile; fileRef = F1371B1A1DBB6F890011C5B1 /* NewCinema.m */; };
		F1371B261DBC68650011C5B1 /* network_config.plist in Resources */ = {isa = PBXBuildFile; fileRef = F1371B251DBC68650011C5B1 /* network_config.plist */; };
		F1371B291DBC69250011C5B1 /* NetworkManager.m in Sources */ = {isa = PBXBuildFile; fileRef = F1371B281DBC69250011C5B1 /* NetworkManager.m */; };
		F1371B2B1DBC69B40011C5B1 /* libMyLib.a in Frameworks */ = {isa = PBXBuildFile; fileRef = F1371B2A1DBC69B40011C5B1 /* libMyLib.a */; };
		F18859BA1DBC786E004F7B11 /* NetService.m in Sources */ = {isa = PBXBuildFile; fileRef = F18859B91DBC786E004F7B11 /* NetService.m */; };
		F18859BE1DBCFE32004F7B11 /* Movie.m in Sources */ = {isa = PBXBuildFile; fileRef = F18859BD1DBCFE32004F7B11 /* Movie.m */; };
		F18859C11DBD02E3004F7B11 /* MovieList.m in Sources */ = {isa = PBXBuildFile; fileRef = F18859C01DBD02E3004F7B11 /* MovieList.m */; };
		F18859C41DBD0C2A004F7B11 /* RegisterSuccess.m in Sources */ = {isa = PBXBuildFile; fileRef = F18859C31DBD0C2A004F7B11 /* RegisterSuccess.m */; };
		F1B66A7C1DBD0FFE00EC4F87 /* NetworkEntity.m in Sources */ = {isa = PBXBuildFile; fileRef = F1B66A7B1DBD0FFE00EC4F87 /* NetworkEntity.m */; };
/* End PBXBuildFile section */

/* Begin PBXFileReference section */
		36CE58FD34E15A6CDBF4EE66 /* Pods-MyApp.debug.xcconfig */ = {isa = PBXFileReference; includeInIndex = 1; lastKnownFileType = text.xcconfig; name = "Pods-MyApp.debug.xcconfig"; path = "../Pods/Target Support Files/Pods-MyApp/Pods-MyApp.debug.xcconfig"; sourceTree = "<group>"; };
		9E1D37BC251F7561E6AFFB1D /* libPods-MyApp.a */ = {isa = PBXFileReference; explicitFileType = archive.ar; includeInIndex = 0; path = "libPods-MyApp.a"; sourceTree = BUILT_PRODUCTS_DIR; };
		C1001BB71CC8CCC7000FBB57 /* APageView.xib */ = {isa = PBXFileReference; fileEncoding = 4; lastKnownFileType = file.xib; path = APageView.xib; sourceTree = "<group>"; };
		C1001BB81CC8CCC7000FBB57 /* APageViewController.h */ = {isa = PBXFileReference; fileEncoding = 4; lastKnownFileType = sourcecode.c.h; path = APageViewController.h; sourceTree = "<group>"; };
		C1001BB91CC8CCC7000FBB57 /* APageViewController.m */ = {isa = PBXFileReference; fileEncoding = 4; lastKnownFileType = sourcecode.c.objc; path = APageViewController.m; sourceTree = "<group>"; };
		C1001BBB1CC8CCC7000FBB57 /* BPageView.xib */ = {isa = PBXFileReference; fileEncoding = 4; lastKnownFileType = file.xib; path = BPageView.xib; sourceTree = "<group>"; };
		C1001BBC1CC8CCC7000FBB57 /* BPageViewController.h */ = {isa = PBXFileReference; fileEncoding = 4; lastKnownFileType = sourcecode.c.h; path = BPageViewController.h; sourceTree = "<group>"; };
		C1001BBD1CC8CCC7000FBB57 /* BPageViewController.m */ = {isa = PBXFileReference; fileEncoding = 4; lastKnownFileType = sourcecode.c.objc; path = BPageViewController.m; sourceTree = "<group>"; };
		C1001BBF1CC8CCC7000FBB57 /* CPageCell.h */ = {isa = PBXFileReference; fileEncoding = 4; lastKnownFileType = sourcecode.c.h; path = CPageCell.h; sourceTree = "<group>"; };
		C1001BC01CC8CCC7000FBB57 /* CPageCell.m */ = {isa = PBXFileReference; fileEncoding = 4; lastKnownFileType = sourcecode.c.objc; path = CPageCell.m; sourceTree = "<group>"; };
		C1001BC11CC8CCC7000FBB57 /* CPageCell.xib */ = {isa = PBXFileReference; fileEncoding = 4; lastKnownFileType = file.xib; path = CPageCell.xib; sourceTree = "<group>"; };
		C1001BC21CC8CCC7000FBB57 /* CPageDataSource.h */ = {isa = PBXFileReference; fileEncoding = 4; lastKnownFileType = sourcecode.c.h; path = CPageDataSource.h; sourceTree = "<group>"; };
		C1001BC31CC8CCC7000FBB57 /* CPageDataSource.m */ = {isa = PBXFileReference; fileEncoding = 4; lastKnownFileType = sourcecode.c.objc; path = CPageDataSource.m; sourceTree = "<group>"; };
		C1001BC41CC8CCC7000FBB57 /* CPageView.xib */ = {isa = PBXFileReference; fileEncoding = 4; lastKnownFileType = file.xib; path = CPageView.xib; sourceTree = "<group>"; };
		C1001BC51CC8CCC7000FBB57 /* CPageViewController.h */ = {isa = PBXFileReference; fileEncoding = 4; lastKnownFileType = sourcecode.c.h; path = CPageViewController.h; sourceTree = "<group>"; };
		C1001BC61CC8CCC7000FBB57 /* CPageViewController.m */ = {isa = PBXFileReference; fileEncoding = 4; lastKnownFileType = sourcecode.c.objc; path = CPageViewController.m; sourceTree = "<group>"; };
		C10D7A5D1CB4B2DB00FB0A49 /* MyApp.app */ = {isa = PBXFileReference; explicitFileType = wrapper.application; includeInIndex = 0; path = MyApp.app; sourceTree = BUILT_PRODUCTS_DIR; };
		C10D7A611CB4B2DB00FB0A49 /* main.m */ = {isa = PBXFileReference; lastKnownFileType = sourcecode.c.objc; path = main.m; sourceTree = "<group>"; };
		C10D7A631CB4B2DB00FB0A49 /* AppDelegate.h */ = {isa = PBXFileReference; lastKnownFileType = sourcecode.c.h; path = AppDelegate.h; sourceTree = "<group>"; };
		C10D7A641CB4B2DB00FB0A49 /* AppDelegate.m */ = {isa = PBXFileReference; lastKnownFileType = sourcecode.c.objc; path = AppDelegate.m; sourceTree = "<group>"; };
		C10D7A6C1CB4B2DB00FB0A49 /* Assets.xcassets */ = {isa = PBXFileReference; lastKnownFileType = folder.assetcatalog; path = Assets.xcassets; sourceTree = "<group>"; };
		C10D7A711CB4B2DB00FB0A49 /* Info.plist */ = {isa = PBXFileReference; lastKnownFileType = text.plist.xml; path = Info.plist; sourceTree = "<group>"; };
		F1371B0A1DBB69AC0011C5B1 /* Cinema.h */ = {isa = PBXFileReference; fileEncoding = 4; lastKnownFileType = sourcecode.c.h; path = Cinema.h; sourceTree = "<group>"; };
		F1371B0B1DBB69AC0011C5B1 /* Cinema.m */ = {isa = PBXFileReference; fileEncoding = 4; lastKnownFileType = sourcecode.c.objc; path = Cinema.m; sourceTree = "<group>"; };
		F1371B191DBB6F890011C5B1 /* NewCinema.h */ = {isa = PBXFileReference; fileEncoding = 4; lastKnownFileType = sourcecode.c.h; path = NewCinema.h; sourceTree = "<group>"; };
		F1371B1A1DBB6F890011C5B1 /* NewCinema.m */ = {isa = PBXFileReference; fileEncoding = 4; lastKnownFileType = sourcecode.c.objc; path = NewCinema.m; sourceTree = "<group>"; };
		F1371B251DBC68650011C5B1 /* network_config.plist */ = {isa = PBXFileReference; fileEncoding = 4; lastKnownFileType = text.plist.xml; path = network_config.plist; sourceTree = "<group>"; };
		F1371B271DBC69250011C5B1 /* NetworkManager.h */ = {isa = PBXFileReference; fileEncoding = 4; lastKnownFileType = sourcecode.c.h; path = NetworkManager.h; sourceTree = "<group>"; };
		F1371B281DBC69250011C5B1 /* NetworkManager.m */ = {isa = PBXFileReference; fileEncoding = 4; lastKnownFileType = sourcecode.c.objc; path = NetworkManager.m; sourceTree = "<group>"; };
		F1371B2A1DBC69B40011C5B1 /* libMyLib.a */ = {isa = PBXFileReference; lastKnownFileType = archive.ar; name = libMyLib.a; path = "../MyLib/build/Debug-iphoneos/libMyLib.a"; sourceTree = "<group>"; };
		F18859B81DBC786E004F7B11 /* NetService.h */ = {isa = PBXFileReference; fileEncoding = 4; lastKnownFileType = sourcecode.c.h; path = NetService.h; sourceTree = "<group>"; };
		F18859B91DBC786E004F7B11 /* NetService.m */ = {isa = PBXFileReference; fileEncoding = 4; lastKnownFileType = sourcecode.c.objc; path = NetService.m; sourceTree = "<group>"; };
		F18859BC1DBCFE32004F7B11 /* Movie.h */ = {isa = PBXFileReference; fileEncoding = 4; lastKnownFileType = sourcecode.c.h; path = Movie.h; sourceTree = "<group>"; };
		F18859BD1DBCFE32004F7B11 /* Movie.m */ = {isa = PBXFileReference; fileEncoding = 4; lastKnownFileType = sourcecode.c.objc; path = Movie.m; sourceTree = "<group>"; };
		F18859BF1DBD02E3004F7B11 /* MovieList.h */ = {isa = PBXFileReference; fileEncoding = 4; lastKnownFileType = sourcecode.c.h; name = MovieList.h; path = MyApp/Model/MovieList.h; sourceTree = SOURCE_ROOT; };
		F18859C01DBD02E3004F7B11 /* MovieList.m */ = {isa = PBXFileReference; fileEncoding = 4; lastKnownFileType = sourcecode.c.objc; name = MovieList.m; path = MyApp/Model/MovieList.m; sourceTree = SOURCE_ROOT; };
		F18859C21DBD0C2A004F7B11 /* RegisterSuccess.h */ = {isa = PBXFileReference; fileEncoding = 4; lastKnownFileType = sourcecode.c.h; path = RegisterSuccess.h; sourceTree = "<group>"; };
		F18859C31DBD0C2A004F7B11 /* RegisterSuccess.m */ = {isa = PBXFileReference; fileEncoding = 4; lastKnownFileType = sourcecode.c.objc; path = RegisterSuccess.m; sourceTree = "<group>"; };
		F1B66A7A1DBD0FFE00EC4F87 /* NetworkEntity.h */ = {isa = PBXFileReference; fileEncoding = 4; lastKnownFileType = sourcecode.c.h; path = NetworkEntity.h; sourceTree = "<group>"; };
		F1B66A7B1DBD0FFE00EC4F87 /* NetworkEntity.m */ = {isa = PBXFileReference; fileEncoding = 4; lastKnownFileType = sourcecode.c.objc; path = NetworkEntity.m; sourceTree = "<group>"; };
		FEE03760005E3E1D96D22309 /* Pods-MyApp.release.xcconfig */ = {isa = PBXFileReference; includeInIndex = 1; lastKnownFileType = text.xcconfig; name = "Pods-MyApp.release.xcconfig"; path = "../Pods/Target Support Files/Pods-MyApp/Pods-MyApp.release.xcconfig"; sourceTree = "<group>"; };
/* End PBXFileReference section */

/* Begin PBXFrameworksBuildPhase section */
		C10D7A5A1CB4B2DB00FB0A49 /* Frameworks */ = {
			isa = PBXFrameworksBuildPhase;
			buildActionMask = 2147483647;
			files = (
				F1371B2B1DBC69B40011C5B1 /* libMyLib.a in Frameworks */,
				7FC05B72E421CE5B91051798 /* libPods-MyApp.a in Frameworks */,
			);
			runOnlyForDeploymentPostprocessing = 0;
		};
/* End PBXFrameworksBuildPhase section */

/* Begin PBXGroup section */
		18293F91170C1E007D34DE64 /* Pods */ = {
			isa = PBXGroup;
			children = (
				36CE58FD34E15A6CDBF4EE66 /* Pods-MyApp.debug.xcconfig */,
				FEE03760005E3E1D96D22309 /* Pods-MyApp.release.xcconfig */,
			);
			name = Pods;
			sourceTree = "<group>";
		};
		C1001BB51CC8CCC7000FBB57 /* Views */ = {
			isa = PBXGroup;
			children = (
				C1001BB61CC8CCC7000FBB57 /* A */,
				C1001BBA1CC8CCC7000FBB57 /* B */,
				C1001BBE1CC8CCC7000FBB57 /* C */,
			);
			path = Views;
			sourceTree = "<group>";
		};
		C1001BB61CC8CCC7000FBB57 /* A */ = {
			isa = PBXGroup;
			children = (
				C1001BB71CC8CCC7000FBB57 /* APageView.xib */,
				C1001BB81CC8CCC7000FBB57 /* APageViewController.h */,
				C1001BB91CC8CCC7000FBB57 /* APageViewController.m */,
			);
			path = A;
			sourceTree = "<group>";
		};
		C1001BBA1CC8CCC7000FBB57 /* B */ = {
			isa = PBXGroup;
			children = (
				C1001BBB1CC8CCC7000FBB57 /* BPageView.xib */,
				C1001BBC1CC8CCC7000FBB57 /* BPageViewController.h */,
				C1001BBD1CC8CCC7000FBB57 /* BPageViewController.m */,
			);
			path = B;
			sourceTree = "<group>";
		};
		C1001BBE1CC8CCC7000FBB57 /* C */ = {
			isa = PBXGroup;
			children = (
				C1001BBF1CC8CCC7000FBB57 /* CPageCell.h */,
				C1001BC01CC8CCC7000FBB57 /* CPageCell.m */,
				C1001BC11CC8CCC7000FBB57 /* CPageCell.xib */,
				C1001BC21CC8CCC7000FBB57 /* CPageDataSource.h */,
				C1001BC31CC8CCC7000FBB57 /* CPageDataSource.m */,
				C1001BC41CC8CCC7000FBB57 /* CPageView.xib */,
				C1001BC51CC8CCC7000FBB57 /* CPageViewController.h */,
				C1001BC61CC8CCC7000FBB57 /* CPageViewController.m */,
			);
			path = C;
			sourceTree = "<group>";
		};
		C10D7A541CB4B2DB00FB0A49 = {
			isa = PBXGroup;
			children = (
				C10D7A5F1CB4B2DB00FB0A49 /* MyApp */,
				C10D7A5E1CB4B2DB00FB0A49 /* Products */,
				18293F91170C1E007D34DE64 /* Pods */,
				D3BEBA5D394355C8B9AD6EA5 /* Frameworks */,
			);
			sourceTree = "<group>";
		};
		C10D7A5E1CB4B2DB00FB0A49 /* Products */ = {
			isa = PBXGroup;
			children = (
				C10D7A5D1CB4B2DB00FB0A49 /* MyApp.app */,
			);
			name = Products;
			sourceTree = "<group>";
		};
		C10D7A5F1CB4B2DB00FB0A49 /* MyApp */ = {
			isa = PBXGroup;
			children = (
				F1371B211DBC68500011C5B1 /* Network */,
				F1371B061DBB0C140011C5B1 /* Model */,
				C1001BB51CC8CCC7000FBB57 /* Views */,
				C10D7A631CB4B2DB00FB0A49 /* AppDelegate.h */,
				C10D7A641CB4B2DB00FB0A49 /* AppDelegate.m */,
				C10D7A6C1CB4B2DB00FB0A49 /* Assets.xcassets */,
				C10D7A711CB4B2DB00FB0A49 /* Info.plist */,
				C10D7A601CB4B2DB00FB0A49 /* Supporting Files */,
			);
			path = MyApp;
			sourceTree = "<group>";
		};
		C10D7A601CB4B2DB00FB0A49 /* Supporting Files */ = {
			isa = PBXGroup;
			children = (
				C10D7A611CB4B2DB00FB0A49 /* main.m */,
			);
			name = "Supporting Files";
			sourceTree = "<group>";
		};
		D3BEBA5D394355C8B9AD6EA5 /* Frameworks */ = {
			isa = PBXGroup;
			children = (
				F1371B2A1DBC69B40011C5B1 /* libMyLib.a */,
				9E1D37BC251F7561E6AFFB1D /* libPods-MyApp.a */,
			);
			name = Frameworks;
			sourceTree = "<group>";
		};
		F1371B061DBB0C140011C5B1 /* Model */ = {
			isa = PBXGroup;
			children = (
				F1B66A7A1DBD0FFE00EC4F87 /* NetworkEntity.h */,
				F1B66A7B1DBD0FFE00EC4F87 /* NetworkEntity.m */,
				F18859C21DBD0C2A004F7B11 /* RegisterSuccess.h */,
				F18859C31DBD0C2A004F7B11 /* RegisterSuccess.m */,
				F18859BF1DBD02E3004F7B11 /* MovieList.h */,
				F18859C01DBD02E3004F7B11 /* MovieList.m */,
				F18859BC1DBCFE32004F7B11 /* Movie.h */,
				F18859BD1DBCFE32004F7B11 /* Movie.m */,
				F1371B191DBB6F890011C5B1 /* NewCinema.h */,
				F1371B1A1DBB6F890011C5B1 /* NewCinema.m */,
				F1371B0A1DBB69AC0011C5B1 /* Cinema.h */,
				F1371B0B1DBB69AC0011C5B1 /* Cinema.m */,
			);
			path = Model;
			sourceTree = "<group>";
		};
		F1371B211DBC68500011C5B1 /* Network */ = {
			isa = PBXGroup;
			children = (
				F18859B81DBC786E004F7B11 /* NetService.h */,
				F18859B91DBC786E004F7B11 /* NetService.m */,
				F1371B251DBC68650011C5B1 /* network_config.plist */,
				F1371B271DBC69250011C5B1 /* NetworkManager.h */,
				F1371B281DBC69250011C5B1 /* NetworkManager.m */,
			);
			path = Network;
			sourceTree = "<group>";
		};
/* End PBXGroup section */

/* Begin PBXNativeTarget section */
		C10D7A5C1CB4B2DB00FB0A49 /* MyApp */ = {
			isa = PBXNativeTarget;
			buildConfigurationList = C10D7A741CB4B2DB00FB0A49 /* Build configuration list for PBXNativeTarget "MyApp" */;
			buildPhases = (
				A805A28F3E7C6ED1640ECEA5 /* [CP] Check Pods Manifest.lock */,
				C10D7A591CB4B2DB00FB0A49 /* Sources */,
				C10D7A5A1CB4B2DB00FB0A49 /* Frameworks */,
				C10D7A5B1CB4B2DB00FB0A49 /* Resources */,
				43516355EB948E009F5DF12E /* [CP] Embed Pods Frameworks */,
				2061D2F6B8569ACD0C0F0990 /* [CP] Copy Pods Resources */,
			);
			buildRules = (
			);
			dependencies = (
			);
			name = MyApp;
			productName = MyApp;
			productReference = C10D7A5D1CB4B2DB00FB0A49 /* MyApp.app */;
			productType = "com.apple.product-type.application";
		};
/* End PBXNativeTarget section */

/* Begin PBXProject section */
		C10D7A551CB4B2DB00FB0A49 /* Project object */ = {
			isa = PBXProject;
			attributes = {
				LastUpgradeCheck = 0710;
				ORGANIZATIONNAME = baojianqiang;
				TargetAttributes = {
					C10D7A5C1CB4B2DB00FB0A49 = {
						CreatedOnToolsVersion = 7.1.1;
					};
				};
			};
			buildConfigurationList = C10D7A581CB4B2DB00FB0A49 /* Build configuration list for PBXProject "MyApp" */;
			compatibilityVersion = "Xcode 3.2";
			developmentRegion = English;
			hasScannedForEncodings = 0;
			knownRegions = (
				en,
				Base,
			);
			mainGroup = C10D7A541CB4B2DB00FB0A49;
			productRefGroup = C10D7A5E1CB4B2DB00FB0A49 /* Products */;
			projectDirPath = "";
			projectRoot = "";
			targets = (
				C10D7A5C1CB4B2DB00FB0A49 /* MyApp */,
			);
		};
/* End PBXProject section */

/* Begin PBXResourcesBuildPhase section */
		C10D7A5B1CB4B2DB00FB0A49 /* Resources */ = {
			isa = PBXResourcesBuildPhase;
			buildActionMask = 2147483647;
			files = (
				C1001BCE1CC8CCC7000FBB57 /* CPageView.xib in Resources */,
				C10D7A6D1CB4B2DB00FB0A49 /* Assets.xcassets in Resources */,
				C1001BC91CC8CCC7000FBB57 /* BPageView.xib in Resources */,
				C1001BCC1CC8CCC7000FBB57 /* CPageCell.xib in Resources */,
				C1001BC71CC8CCC7000FBB57 /* APageView.xib in Resources */,
				F1371B261DBC68650011C5B1 /* network_config.plist in Resources */,
			);
			runOnlyForDeploymentPostprocessing = 0;
		};
/* End PBXResourcesBuildPhase section */

/* Begin PBXShellScriptBuildPhase section */
		2061D2F6B8569ACD0C0F0990 /* [CP] Copy Pods Resources */ = {
			isa = PBXShellScriptBuildPhase;
			buildActionMask = 2147483647;
			files = (
			);
			inputPaths = (
			);
			name = "[CP] Copy Pods Resources";
			outputPaths = (
			);
			runOnlyForDeploymentPostprocessing = 0;
			shellPath = /bin/sh;
			shellScript = "\"${SRCROOT}/../Pods/Target Support Files/Pods-MyApp/Pods-MyApp-resources.sh\"\n";
			showEnvVarsInLog = 0;
		};
		43516355EB948E009F5DF12E /* [CP] Embed Pods Frameworks */ = {
			isa = PBXShellScriptBuildPhase;
			buildActionMask = 2147483647;
			files = (
			);
			inputPaths = (
			);
			name = "[CP] Embed Pods Frameworks";
			outputPaths = (
			);
			runOnlyForDeploymentPostprocessing = 0;
			shellPath = /bin/sh;
			shellScript = "\"${SRCROOT}/../Pods/Target Support Files/Pods-MyApp/Pods-MyApp-frameworks.sh\"\n";
			showEnvVarsInLog = 0;
		};
		A805A28F3E7C6ED1640ECEA5 /* [CP] Check Pods Manifest.lock */ = {
			isa = PBXShellScriptBuildPhase;
			buildActionMask = 2147483647;
			files = (
			);
			inputPaths = (
			);
			name = "[CP] Check Pods Manifest.lock";
			outputPaths = (
			);
			runOnlyForDeploymentPostprocessing = 0;
			shellPath = /bin/sh;
			shellScript = "diff \"${PODS_ROOT}/../Podfile.lock\" \"${PODS_ROOT}/Manifest.lock\" > /dev/null\nif [[ $? != 0 ]] ; then\n    cat << EOM\nerror: The sandbox is not in sync with the Podfile.lock. Run 'pod install' or update your CocoaPods installation.\nEOM\n    exit 1\nfi\n";
			showEnvVarsInLog = 0;
		};
/* End PBXShellScriptBuildPhase section */

/* Begin PBXSourcesBuildPhase section */
		C10D7A591CB4B2DB00FB0A49 /* Sources */ = {
			isa = PBXSourcesBuildPhase;
			buildActionMask = 2147483647;
			files = (
				C10D7A651CB4B2DB00FB0A49 /* AppDelegate.m in Sources */,
				C1001BCF1CC8CCC7000FBB57 /* CPageViewController.m in Sources */,
				F1371B0C1DBB69AC0011C5B1 /* Cinema.m in Sources */,
				F1371B291DBC69250011C5B1 /* NetworkManager.m in Sources */,
				C1001BCD1CC8CCC7000FBB57 /* CPageDataSource.m in Sources */,
				C10D7A621CB4B2DB00FB0A49 /* main.m in Sources */,
				F18859C11DBD02E3004F7B11 /* MovieList.m in Sources */,
				F18859BE1DBCFE32004F7B11 /* Movie.m in Sources */,
				F18859C41DBD0C2A004F7B11 /* RegisterSuccess.m in Sources */,
				C1001BCA1CC8CCC7000FBB57 /* BPageViewController.m in Sources */,
				F1371B1B1DBB6F890011C5B1 /* NewCinema.m in Sources */,
				F18859BA1DBC786E004F7B11 /* NetService.m in Sources */,
				F1B66A7C1DBD0FFE00EC4F87 /* NetworkEntity.m in Sources */,
				C1001BCB1CC8CCC7000FBB57 /* CPageCell.m in Sources */,
				C1001BC81CC8CCC7000FBB57 /* APageViewController.m in Sources */,
			);
			runOnlyForDeploymentPostprocessing = 0;
		};
/* End PBXSourcesBuildPhase section */

/* Begin XCBuildConfiguration section */
		C10D7A721CB4B2DB00FB0A49 /* Debug */ = {
			isa = XCBuildConfiguration;
			buildSettings = {
				ALWAYS_SEARCH_USER_PATHS = NO;
				CLANG_CXX_LANGUAGE_STANDARD = "gnu++0x";
				CLANG_CXX_LIBRARY = "libc++";
				CLANG_ENABLE_MODULES = YES;
				CLANG_ENABLE_OBJC_ARC = YES;
				CLANG_WARN_BOOL_CONVERSION = YES;
				CLANG_WARN_CONSTANT_CONVERSION = YES;
				CLANG_WARN_DIRECT_OBJC_ISA_USAGE = YES_ERROR;
				CLANG_WARN_EMPTY_BODY = YES;
				CLANG_WARN_ENUM_CONVERSION = YES;
				CLANG_WARN_INT_CONVERSION = YES;
				CLANG_WARN_OBJC_ROOT_CLASS = YES_ERROR;
				CLANG_WARN_UNREACHABLE_CODE = YES;
				CLANG_WARN__DUPLICATE_METHOD_MATCH = YES;
				"CODE_SIGN_IDENTITY[sdk=iphoneos*]" = "iPhone Developer";
				COPY_PHASE_STRIP = NO;
				DEBUG_INFORMATION_FORMAT = dwarf;
				ENABLE_STRICT_OBJC_MSGSEND = YES;
				ENABLE_TESTABILITY = YES;
				GCC_C_LANGUAGE_STANDARD = gnu99;
				GCC_DYNAMIC_NO_PIC = NO;
				GCC_NO_COMMON_BLOCKS = YES;
				GCC_OPTIMIZATION_LEVEL = 0;
				GCC_PREPROCESSOR_DEFINITIONS = (
					"DEBUG=1",
					"$(inherited)",
				);
				GCC_WARN_64_TO_32_BIT_CONVERSION = YES;
				GCC_WARN_ABOUT_RETURN_TYPE = YES_ERROR;
				GCC_WARN_UNDECLARED_SELECTOR = YES;
				GCC_WARN_UNINITIALIZED_AUTOS = YES_AGGRESSIVE;
				GCC_WARN_UNUSED_FUNCTION = YES;
				GCC_WARN_UNUSED_VARIABLE = YES;
				IPHONEOS_DEPLOYMENT_TARGET = 9.1;
				MTL_ENABLE_DEBUG_INFO = YES;
				ONLY_ACTIVE_ARCH = YES;
				SDKROOT = iphoneos;
			};
			name = Debug;
		};
		C10D7A731CB4B2DB00FB0A49 /* Release */ = {
			isa = XCBuildConfiguration;
			buildSettings = {
				ALWAYS_SEARCH_USER_PATHS = NO;
				CLANG_CXX_LANGUAGE_STANDARD = "gnu++0x";
				CLANG_CXX_LIBRARY = "libc++";
				CLANG_ENABLE_MODULES = YES;
				CLANG_ENABLE_OBJC_ARC = YES;
				CLANG_WARN_BOOL_CONVERSION = YES;
				CLANG_WARN_CONSTANT_CONVERSION = YES;
				CLANG_WARN_DIRECT_OBJC_ISA_USAGE = YES_ERROR;
				CLANG_WARN_EMPTY_BODY = YES;
				CLANG_WARN_ENUM_CONVERSION = YES;
				CLANG_WARN_INT_CONVERSION = YES;
				CLANG_WARN_OBJC_ROOT_CLASS = YES_ERROR;
				CLANG_WARN_UNREACHABLE_CODE = YES;
				CLANG_WARN__DUPLICATE_METHOD_MATCH = YES;
				"CODE_SIGN_IDENTITY[sdk=iphoneos*]" = "iPhone Developer";
				COPY_PHASE_STRIP = NO;
				DEBUG_INFORMATION_FORMAT = "dwarf-with-dsym";
				ENABLE_NS_ASSERTIONS = NO;
				ENABLE_STRICT_OBJC_MSGSEND = YES;
				GCC_C_LANGUAGE_STANDARD = gnu99;
				GCC_NO_COMMON_BLOCKS = YES;
				GCC_WARN_64_TO_32_BIT_CONVERSION = YES;
				GCC_WARN_ABOUT_RETURN_TYPE = YES_ERROR;
				GCC_WARN_UNDECLARED_SELECTOR = YES;
				GCC_WARN_UNINITIALIZED_AUTOS = YES_AGGRESSIVE;
				GCC_WARN_UNUSED_FUNCTION = YES;
				GCC_WARN_UNUSED_VARIABLE = YES;
				IPHONEOS_DEPLOYMENT_TARGET = 9.1;
				MTL_ENABLE_DEBUG_INFO = NO;
				SDKROOT = iphoneos;
				VALIDATE_PRODUCT = YES;
			};
			name = Release;
		};
		C10D7A751CB4B2DB00FB0A49 /* Debug */ = {
			isa = XCBuildConfiguration;
			baseConfigurationReference = 36CE58FD34E15A6CDBF4EE66 /* Pods-MyApp.debug.xcconfig */;
			buildSettings = {
				ASSETCATALOG_COMPILER_APPICON_NAME = AppIcon;
				HEADER_SEARCH_PATHS = "../MyLib/**";
				INFOPLIST_FILE = MyApp/Info.plist;
				LD_RUNPATH_SEARCH_PATHS = "$(inherited) @executable_path/Frameworks";
				PRODUCT_BUNDLE_IDENTIFIER = com.jianqiang.baojianqiang.MyApp;
				PRODUCT_NAME = "$(TARGET_NAME)";
			};
			name = Debug;
		};
		C10D7A761CB4B2DB00FB0A49 /* Release */ = {
			isa = XCBuildConfiguration;
			baseConfigurationReference = FEE03760005E3E1D96D22309 /* Pods-MyApp.release.xcconfig */;
			buildSettings = {
				ASSETCATALOG_COMPILER_APPICON_NAME = AppIcon;
				HEADER_SEARCH_PATHS = "../MyLib/**";
				INFOPLIST_FILE = MyApp/Info.plist;
				LD_RUNPATH_SEARCH_PATHS = "$(inherited) @executable_path/Frameworks";
				PRODUCT_BUNDLE_IDENTIFIER = com.jianqiang.baojianqiang.MyApp;
				PRODUCT_NAME = "$(TARGET_NAME)";
			};
			name = Release;
		};
/* End XCBuildConfiguration section */

/* Begin XCConfigurationList section */
		C10D7A581CB4B2DB00FB0A49 /* Build configuration list for PBXProject "MyApp" */ = {
			isa = XCConfigurationList;
			buildConfigurations = (
				C10D7A721CB4B2DB00FB0A49 /* Debug */,
				C10D7A731CB4B2DB00FB0A49 /* Release */,
			);
			defaultConfigurationIsVisible = 0;
			defaultConfigurationName = Release;
		};
		C10D7A741CB4B2DB00FB0A49 /* Build configuration list for PBXNativeTarget "MyApp" */ = {
			isa = XCConfigurationList;
			buildConfigurations = (
				C10D7A751CB4B2DB00FB0A49 /* Debug */,
				C10D7A761CB4B2DB00FB0A49 /* Release */,
			);
			defaultConfigurationIsVisible = 0;
			defaultConfigurationName = Release;
		};
/* End XCConfigurationList section */
	};
	rootObject = C10D7A551CB4B2DB00FB0A49 /* Project object */;
}
